// !$*UTF8*$!
{
	archiveVersion = 1;
	classes = {
	};
	objectVersion = 50;
	objects = {

/* Begin PBXBuildFile section */
		B5EB5944255CDD7500589333 /* A12_War_SALApp.swift in Sources */ = {isa = PBXBuildFile; fileRef = B5EB5943255CDD7500589333 /* A12_War_SALApp.swift */; };
		B5EB5946255CDD7500589333 /* ContentView.swift in Sources */ = {isa = PBXBuildFile; fileRef = B5EB5945255CDD7500589333 /* ContentView.swift */; };
		B5EB5948255CDD7A00589333 /* Assets.xcassets in Resources */ = {isa = PBXBuildFile; fileRef = B5EB5947255CDD7A00589333 /* Assets.xcassets */; };
		B5EB594B255CDD7A00589333 /* Preview Assets.xcassets in Resources */ = {isa = PBXBuildFile; fileRef = B5EB594A255CDD7A00589333 /* Preview Assets.xcassets */; };
		B5EB5956255D7EC400589333 /* failure.mp3 in Resources */ = {isa = PBXBuildFile; fileRef = B5EB5955255D7EC400589333 /* failure.mp3 */; };
		B5EB5959255D7ED500589333 /* fanfare.wav in Resources */ = {isa = PBXBuildFile; fileRef = B5EB5958255D7ED500589333 /* fanfare.wav */; };
/* End PBXBuildFile section */

/* Begin PBXFileReference section */
		B5EB5940255CDD7500589333 /* A12_War_SAL.app */ = {isa = PBXFileReference; explicitFileType = wrapper.application; includeInIndex = 0; path = A12_War_SAL.app; sourceTree = BUILT_PRODUCTS_DIR; };
		B5EB5943255CDD7500589333 /* A12_War_SALApp.swift */ = {isa = PBXFileReference; lastKnownFileType = sourcecode.swift; path = A12_War_SALApp.swift; sourceTree = "<group>"; };
		B5EB5945255CDD7500589333 /* ContentView.swift */ = {isa = PBXFileReference; lastKnownFileType = sourcecode.swift; path = ContentView.swift; sourceTree = "<group>"; };
		B5EB5947255CDD7A00589333 /* Assets.xcassets */ = {isa = PBXFileReference; lastKnownFileType = folder.assetcatalog; path = Assets.xcassets; sourceTree = "<group>"; };
		B5EB594A255CDD7A00589333 /* Preview Assets.xcassets */ = {isa = PBXFileReference; lastKnownFileType = folder.assetcatalog; path = "Preview Assets.xcassets"; sourceTree = "<group>"; };
		B5EB594C255CDD7A00589333 /* Info.plist */ = {isa = PBXFileReference; lastKnownFileType = text.plist.xml; path = Info.plist; sourceTree = "<group>"; };
		B5EB5955255D7EC400589333 /* failure.mp3 */ = {isa = PBXFileReference; lastKnownFileType = audio.mp3; path = failure.mp3; sourceTree = "<group>"; };
		B5EB5958255D7ED500589333 /* fanfare.wav */ = {isa = PBXFileReference; lastKnownFileType = audio.wav; path = fanfare.wav; sourceTree = "<group>"; };
/* End PBXFileReference section */

/* Begin PBXFrameworksBuildPhase section */
		B5EB593D255CDD7500589333 /* Frameworks */ = {
			isa = PBXFrameworksBuildPhase;
			buildActionMask = 2147483647;
			files = (
			);
			runOnlyForDeploymentPostprocessing = 0;
		};
/* End PBXFrameworksBuildPhase section */

/* Begin PBXGroup section */
		B5EB5937255CDD7500589333 = {
			isa = PBXGroup;
			children = (
				B5EB5942255CDD7500589333 /* A12_War_SAL */,
				B5EB5941255CDD7500589333 /* Products */,
			);
			sourceTree = "<group>";
		};
		B5EB5941255CDD7500589333 /* Products */ = {
			isa = PBXGroup;
			children = (
				B5EB5940255CDD7500589333 /* A12_War_SAL.app */,
			);
			name = Products;
			sourceTree = "<group>";
		};
		B5EB5942255CDD7500589333 /* A12_War_SAL */ = {
			isa = PBXGroup;
			children = (
				B5EB5954255D7E7D00589333 /* Sounds */,
				B5EB5943255CDD7500589333 /* A12_War_SALApp.swift */,
				B5EB5945255CDD7500589333 /* ContentView.swift */,
				B5EB5947255CDD7A00589333 /* Assets.xcassets */,
				B5EB594C255CDD7A00589333 /* Info.plist */,
				B5EB5949255CDD7A00589333 /* Preview Content */,
			);
			path = A12_War_SAL;
			sourceTree = "<group>";
		};
		B5EB5949255CDD7A00589333 /* Preview Content */ = {
			isa = PBXGroup;
			children = (
				B5EB594A255CDD7A00589333 /* Preview Assets.xcassets */,
			);
			path = "Preview Content";
			sourceTree = "<group>";
		};
		B5EB5954255D7E7D00589333 /* Sounds */ = {
			isa = PBXGroup;
			children = (
				B5EB5958255D7ED500589333 /* fanfare.wav */,
				B5EB5955255D7EC400589333 /* failure.mp3 */,
			);
			path = Sounds;
			sourceTree = "<group>";
		};
/* End PBXGroup section */

/* Begin PBXNativeTarget section */
		B5EB593F255CDD7500589333 /* A12_War_SAL */ = {
			isa = PBXNativeTarget;
			buildConfigurationList = B5EB594F255CDD7A00589333 /* Build configuration list for PBXNativeTarget "A12_War_SAL" */;
			buildPhases = (
				B5EB593C255CDD7500589333 /* Sources */,
				B5EB593D255CDD7500589333 /* Frameworks */,
				B5EB593E255CDD7500589333 /* Resources */,
			);
			buildRules = (
			);
			dependencies = (
			);
			name = A12_War_SAL;
			productName = A12_War_SAL;
			productReference = B5EB5940255CDD7500589333 /* A12_War_SAL.app */;
			productType = "com.apple.product-type.application";
		};
/* End PBXNativeTarget section */

/* Begin PBXProject section */
		B5EB5938255CDD7500589333 /* Project object */ = {
			isa = PBXProject;
			attributes = {
				LastSwiftUpdateCheck = 1210;
				LastUpgradeCheck = 1210;
				TargetAttributes = {
					B5EB593F255CDD7500589333 = {
						CreatedOnToolsVersion = 12.1;
					};
				};
			};
			buildConfigurationList = B5EB593B255CDD7500589333 /* Build configuration list for PBXProject "A12_War_SAL" */;
			compatibilityVersion = "Xcode 9.3";
			developmentRegion = en;
			hasScannedForEncodings = 0;
			knownRegions = (
				en,
				Base,
			);
			mainGroup = B5EB5937255CDD7500589333;
			productRefGroup = B5EB5941255CDD7500589333 /* Products */;
			projectDirPath = "";
			projectRoot = "";
			targets = (
				B5EB593F255CDD7500589333 /* A12_War_SAL */,
			);
		};
/* End PBXProject section */

/* Begin PBXResourcesBuildPhase section */
		B5EB593E255CDD7500589333 /* Resources */ = {
			isa = PBXResourcesBuildPhase;
			buildActionMask = 2147483647;
			files = (
				B5EB594B255CDD7A00589333 /* Preview Assets.xcassets in Resources */,
				B5EB5956255D7EC400589333 /* failure.mp3 in Resources */,
				B5EB5959255D7ED500589333 /* fanfare.wav in Resources */,
				B5EB5948255CDD7A00589333 /* Assets.xcassets in Resources */,
			);
			runOnlyForDeploymentPostprocessing = 0;
		};
/* End PBXResourcesBuildPhase section */

/* Begin PBXSourcesBuildPhase section */
		B5EB593C255CDD7500589333 /* Sources */ = {
			isa = PBXSourcesBuildPhase;
			buildActionMask = 2147483647;
			files = (
				B5EB5946255CDD7500589333 /* ContentView.swift in Sources */,
				B5EB5944255CDD7500589333 /* A12_War_SALApp.swift in Sources */,
			);
			runOnlyForDeploymentPostprocessing = 0;
		};
/* End PBXSourcesBuildPhase section */

/* Begin XCBuildConfiguration section */
		B5EB594D255CDD7A00589333 /* Debug */ = {
			isa = XCBuildConfiguration;
			buildSettings = {
				ALWAYS_SEARCH_USER_PATHS = NO;
				CLANG_ANALYZER_NONNULL = YES;
				CLANG_ANALYZER_NUMBER_OBJECT_CONVERSION = YES_AGGRESSIVE;
				CLANG_CXX_LANGUAGE_STANDARD = "gnu++14";
				CLANG_CXX_LIBRARY = "libc++";
				CLANG_ENABLE_MODULES = YES;
				CLANG_ENABLE_OBJC_ARC = YES;
				CLANG_ENABLE_OBJC_WEAK = YES;
				CLANG_WARN_BLOCK_CAPTURE_AUTORELEASING = YES;
				CLANG_WARN_BOOL_CONVERSION = YES;
				CLANG_WARN_COMMA = YES;
				CLANG_WARN_CONSTANT_CONVERSION = YES;
				CLANG_WARN_DEPRECATED_OBJC_IMPLEMENTATIONS = YES;
				CLANG_WARN_DIRECT_OBJC_ISA_USAGE = YES_ERROR;
				CLANG_WARN_DOCUMENTATION_COMMENTS = YES;
				CLANG_WARN_EMPTY_BODY = YES;
				CLANG_WARN_ENUM_CONVERSION = YES;
				CLANG_WARN_INFINITE_RECURSION = YES;
				CLANG_WARN_INT_CONVERSION = YES;
				CLANG_WARN_NON_LITERAL_NULL_CONVERSION = YES;
				CLANG_WARN_OBJC_IMPLICIT_RETAIN_SELF = YES;
				CLANG_WARN_OBJC_LITERAL_CONVERSION = YES;
				CLANG_WARN_OBJC_ROOT_CLASS = YES_ERROR;
				CLANG_WARN_QUOTED_INCLUDE_IN_FRAMEWORK_HEADER = YES;
				CLANG_WARN_RANGE_LOOP_ANALYSIS = YES;
				CLANG_WARN_STRICT_PROTOTYPES = YES;
				CLANG_WARN_SUSPICIOUS_MOVE = YES;
				CLANG_WARN_UNGUARDED_AVAILABILITY = YES_AGGRESSIVE;
				CLANG_WARN_UNREACHABLE_CODE = YES;
				CLANG_WARN__DUPLICATE_METHOD_MATCH = YES;
				COPY_PHASE_STRIP = NO;
				DEBUG_INFORMATION_FORMAT = dwarf;
				ENABLE_STRICT_OBJC_MSGSEND = YES;
				ENABLE_TESTABILITY = YES;
				GCC_C_LANGUAGE_STANDARD = gnu11;
				GCC_DYNAMIC_NO_PIC = NO;
				GCC_NO_COMMON_BLOCKS = YES;
				GCC_OPTIMIZATION_LEVEL = 0;
				GCC_PREPROCESSOR_DEFINITIONS = (
					"DEBUG=1",
					"$(inherited)",
				);
				GCC_WARN_64_TO_32_BIT_CONVERSION = YES;
				GCC_WARN_ABOUT_RETURN_TYPE = YES_ERROR;
				GCC_WARN_UNDECLARED_SELECTOR = YES;
				GCC_WARN_UNINITIALIZED_AUTOS = YES_AGGRESSIVE;
				GCC_WARN_UNUSED_FUNCTION = YES;
				GCC_WARN_UNUSED_VARIABLE = YES;
				IPHONEOS_DEPLOYMENT_TARGET = 14.1;
				MTL_ENABLE_DEBUG_INFO = INCLUDE_SOURCE;
				MTL_FAST_MATH = YES;
				ONLY_ACTIVE_ARCH = YES;
				SDKROOT = iphoneos;
				SWIFT_ACTIVE_COMPILATION_CONDITIONS = DEBUG;
				SWIFT_OPTIMIZATION_LEVEL = "-Onone";
			};
			name = Debug;
		};
		B5EB594E255CDD7A00589333 /* Release */ = {
			isa = XCBuildConfiguration;
			buildSettings = {
				ALWAYS_SEARCH_USER_PATHS = NO;
				CLANG_ANALYZER_NONNULL = YES;
				CLANG_ANALYZER_NUMBER_OBJECT_CONVERSION = YES_AGGRESSIVE;
				CLANG_CXX_LANGUAGE_STANDARD = "gnu++14";
				CLANG_CXX_LIBRARY = "libc++";
				CLANG_ENABLE_MODULES = YES;
				CLANG_ENABLE_OBJC_ARC = YES;
				CLANG_ENABLE_OBJC_WEAK = YES;
				CLANG_WARN_BLOCK_CAPTURE_AUTORELEASING = YES;
				CLANG_WARN_BOOL_CONVERSION = YES;
				CLANG_WARN_COMMA = YES;
				CLANG_WARN_CONSTANT_CONVERSION = YES;
				CLANG_WARN_DEPRECATED_OBJC_IMPLEMENTATIONS = YES;
				CLANG_WARN_DIRECT_OBJC_ISA_USAGE = YES_ERROR;
				CLANG_WARN_DOCUMENTATION_COMMENTS = YES;
				CLANG_WARN_EMPTY_BODY = YES;
				CLANG_WARN_ENUM_CONVERSION = YES;
				CLANG_WARN_INFINITE_RECURSION = YES;
				CLANG_WARN_INT_CONVERSION = YES;
				CLANG_WARN_NON_LITERAL_NULL_CONVERSION = YES;
				CLANG_WARN_OBJC_IMPLICIT_RETAIN_SELF = YES;
				CLANG_WARN_OBJC_LITERAL_CONVERSION = YES;
				CLANG_WARN_OBJC_ROOT_CLASS = YES_ERROR;
				CLANG_WARN_QUOTED_INCLUDE_IN_FRAMEWORK_HEADER = YES;
				CLANG_WARN_RANGE_LOOP_ANALYSIS = YES;
				CLANG_WARN_STRICT_PROTOTYPES = YES;
				CLANG_WARN_SUSPICIOUS_MOVE = YES;
				CLANG_WARN_UNGUARDED_AVAILABILITY = YES_AGGRESSIVE;
				CLANG_WARN_UNREACHABLE_CODE = YES;
				CLANG_WARN__DUPLICATE_METHOD_MATCH = YES;
				COPY_PHASE_STRIP = NO;
				DEBUG_INFORMATION_FORMAT = "dwarf-with-dsym";
				ENABLE_NS_ASSERTIONS = NO;
				ENABLE_STRICT_OBJC_MSGSEND = YES;
				GCC_C_LANGUAGE_STANDARD = gnu11;
				GCC_NO_COMMON_BLOCKS = YES;
				GCC_WARN_64_TO_32_BIT_CONVERSION = YES;
				GCC_WARN_ABOUT_RETURN_TYPE = YES_ERROR;
				GCC_WARN_UNDECLARED_SELECTOR = YES;
				GCC_WARN_UNINITIALIZED_AUTOS = YES_AGGRESSIVE;
				GCC_WARN_UNUSED_FUNCTION = YES;
				GCC_WARN_UNUSED_VARIABLE = YES;
				IPHONEOS_DEPLOYMENT_TARGET = 14.1;
				MTL_ENABLE_DEBUG_INFO = NO;
				MTL_FAST_MATH = YES;
				SDKROOT = iphoneos;
				SWIFT_COMPILATION_MODE = wholemodule;
				SWIFT_OPTIMIZATION_LEVEL = "-O";
				VALIDATE_PRODUCT = YES;
			};
			name = Release;
		};
		B5EB5950255CDD7A00589333 /* Debug */ = {
			isa = XCBuildConfiguration;
			buildSettings = {
				ASSETCATALOG_COMPILER_APPICON_NAME = AppIcon;
				ASSETCATALOG_COMPILER_GLOBAL_ACCENT_COLOR_NAME = AccentColor;
				CODE_SIGN_STYLE = Automatic;
				DEVELOPMENT_ASSET_PATHS = "\"A12_War_SAL/Preview Content\"";
				ENABLE_PREVIEWS = YES;
				INFOPLIST_FILE = A12_War_SAL/Info.plist;
				IPHONEOS_DEPLOYMENT_TARGET = 14.0;
				LD_RUNPATH_SEARCH_PATHS = (
					"$(inherited)",
					"@executable_path/Frameworks",
				);
				PRODUCT_BUNDLE_IDENTIFIER = "com.SAL.A12-War-SAL";
				PRODUCT_NAME = "$(TARGET_NAME)";
				SWIFT_VERSION = 5.0;
				TARGETED_DEVICE_FAMILY = "1,2";
			};
			name = Debug;
		};
		B5EB5951255CDD7A00589333 /* Release */ = {
			isa = XCBuildConfiguration;
			buildSettings = {
				ASSETCATALOG_COMPILER_APPICON_NAME = AppIcon;
				ASSETCATALOG_COMPILER_GLOBAL_ACCENT_COLOR_NAME = AccentColor;
				CODE_SIGN_STYLE = Automatic;
				DEVELOPMENT_ASSET_PATHS = "\"A12_War_SAL/Preview Content\"";
				ENABLE_PREVIEWS = YES;
				INFOPLIST_FILE = A12_War_SAL/Info.plist;
				IPHONEOS_DEPLOYMENT_TARGET = 14.0;
				LD_RUNPATH_SEARCH_PATHS = (
					"$(inherited)",
					"@executable_path/Frameworks",
				);
				PRODUCT_BUNDLE_IDENTIFIER = "com.SAL.A12-War-SAL";
				PRODUCT_NAME = "$(TARGET_NAME)";
				SWIFT_VERSION = 5.0;
				TARGETED_DEVICE_FAMILY = "1,2";
			};
			name = Release;
		};
/* End XCBuildConfiguration section */

/* Begin XCConfigurationList section */
		B5EB593B255CDD7500589333 /* Build configuration list for PBXProject "A12_War_SAL" */ = {
			isa = XCConfigurationList;
			buildConfigurations = (
				B5EB594D255CDD7A00589333 /* Debug */,
				B5EB594E255CDD7A00589333 /* Release */,
			);
			defaultConfigurationIsVisible = 0;
			defaultConfigurationName = Release;
		};
		B5EB594F255CDD7A00589333 /* Build configuration list for PBXNativeTarget "A12_War_SAL" */ = {
			isa = XCConfigurationList;
			buildConfigurations = (
				B5EB5950255CDD7A00589333 /* Debug */,
				B5EB5951255CDD7A00589333 /* Release */,
			);
			defaultConfigurationIsVisible = 0;
			defaultConfigurationName = Release;
		};
/* End XCConfigurationList section */
	};
	rootObject = B5EB5938255CDD7500589333 /* Project object */;
}
